
Microsoft Visual Studio Solution File, Format Version 12.00
# Visual Studio Version 17
VisualStudioVersion = 17.2.32519.379
MinimumVisualStudioVersion = 10.0.40219.1
Project("{9A19103F-16F7-4668-BE54-9A1E7A4F7556}") = "lijohnttle.Media.Photo.Core", "lijohnttle.Media.Photo.Core\lijohnttle.Media.Photo.Core.csproj", "{CBD5898A-CF1F-4713-B006-04CB3F4E563F}"
EndProject
Project("{9A19103F-16F7-4668-BE54-9A1E7A4F7556}") = "lijohnttle.Media.Photo.Core.UnitTests", "lijohnttle.Media.Photo.Core.UnitTests\lijohnttle.Media.Photo.Core.UnitTests.csproj", "{9A361B10-2BE0-493A-9315-B1ECBD6C6F91}"
EndProject
Project("{9A19103F-16F7-4668-BE54-9A1E7A4F7556}") = "lijohnttle.Media.Photo.App", "Demo\lijohnttle.Media.Photo.App\lijohnttle.Media.Photo.App.csproj", "{4F4AC0E2-49EA-42D7-9482-3BA2F797927F}"
EndProject
Project("{2150E333-8FDC-42A3-9474-1A3956D46DE8}") = "Demo", "Demo", "{9B7CB777-4B8B-4822-86B9-DB48E0B74A88}"
EndProject
Project("{9A19103F-16F7-4668-BE54-9A1E7A4F7556}") = "lijohnttle.Media.Photo.Filters", "lijohnttle.Media.Photo.Filters\lijohnttle.Media.Photo.Filters.csproj", "{8DDB54D5-CFE7-4A86-B07C-89089E9297CC}"
EndProject
Project("{9A19103F-16F7-4668-BE54-9A1E7A4F7556}") = "lijohnttle.Media.Photo.Wpf", "Demo\lijohnttle.Media.Photo.Wpf\lijohnttle.Media.Photo.Wpf.csproj", "{9864DCAB-9B7F-4FB6-B9B5-6E01AB388806}"
EndProject
Project("{FAE04EC0-301F-11D3-BF4B-00C04F79EFBC}") = "lijohnttle.Media.Photo.Filters.UnitTests", "lijohnttle.Media.Photo.Filters.UnitTests\lijohnttle.Media.Photo.Filters.UnitTests.csproj", "{D867C680-62F9-48A2-8BE2-0983466D7EDE}"
EndProject
Global
	GlobalSection(SolutionConfigurationPlatforms) = preSolution
		Debug|Any CPU = Debug|Any CPU
		Release|Any CPU = Release|Any CPU
	EndGlobalSection
	GlobalSection(ProjectConfigurationPlatforms) = postSolution
		{CBD5898A-CF1F-4713-B006-04CB3F4E563F}.Debug|Any CPU.ActiveCfg = Debug|Any CPU
		{CBD5898A-CF1F-4713-B006-04CB3F4E563F}.Debug|Any CPU.Build.0 = Debug|Any CPU
		{CBD5898A-CF1F-4713-B006-04CB3F4E563F}.Release|Any CPU.ActiveCfg = Release|Any CPU
		{CBD5898A-CF1F-4713-B006-04CB3F4E563F}.Release|Any CPU.Build.0 = Release|Any CPU
		{9A361B10-2BE0-493A-9315-B1ECBD6C6F91}.Debug|Any CPU.ActiveCfg = Debug|Any CPU
		{9A361B10-2BE0-493A-9315-B1ECBD6C6F91}.Debug|Any CPU.Build.0 = Debug|Any CPU
		{9A361B10-2BE0-493A-9315-B1ECBD6C6F91}.Release|Any CPU.ActiveCfg = Release|Any CPU
		{9A361B10-2BE0-493A-9315-B1ECBD6C6F91}.Release|Any CPU.Build.0 = Release|Any CPU
		{4F4AC0E2-49EA-42D7-9482-3BA2F797927F}.Debug|Any CPU.ActiveCfg = Debug|Any CPU
		{4F4AC0E2-49EA-42D7-9482-3BA2F797927F}.Debug|Any CPU.Build.0 = Debug|Any CPU
		{4F4AC0E2-49EA-42D7-9482-3BA2F797927F}.Release|Any CPU.ActiveCfg = Release|Any CPU
		{4F4AC0E2-49EA-42D7-9482-3BA2F797927F}.Release|Any CPU.Build.0 = Release|Any CPU
		{8DDB54D5-CFE7-4A86-B07C-89089E9297CC}.Debug|Any CPU.ActiveCfg = Debug|Any CPU
		{8DDB54D5-CFE7-4A86-B07C-89089E9297CC}.Debug|Any CPU.Build.0 = Debug|Any CPU
		{8DDB54D5-CFE7-4A86-B07C-89089E9297CC}.Release|Any CPU.ActiveCfg = Release|Any CPU
		{8DDB54D5-CFE7-4A86-B07C-89089E9297CC}.Release|Any CPU.Build.0 = Release|Any CPU
		{9864DCAB-9B7F-4FB6-B9B5-6E01AB388806}.Debug|Any CPU.ActiveCfg = Debug|Any CPU
		{9864DCAB-9B7F-4FB6-B9B5-6E01AB388806}.Debug|Any CPU.Build.0 = Debug|Any CPU
		{9864DCAB-9B7F-4FB6-B9B5-6E01AB388806}.Release|Any CPU.ActiveCfg = Release|Any CPU
		{9864DCAB-9B7F-4FB6-B9B5-6E01AB388806}.Release|Any CPU.Build.0 = Release|Any CPU
		{D867C680-62F9-48A2-8BE2-0983466D7EDE}.Debug|Any CPU.ActiveCfg = Debug|Any CPU
		{D867C680-62F9-48A2-8BE2-0983466D7EDE}.Debug|Any CPU.Build.0 = Debug|Any CPU
		{D867C680-62F9-48A2-8BE2-0983466D7EDE}.Release|Any CPU.ActiveCfg = Release|Any CPU
		{D867C680-62F9-48A2-8BE2-0983466D7EDE}.Release|Any CPU.Build.0 = Release|Any CPU
	EndGlobalSection
	GlobalSection(SolutionProperties) = preSolution
		HideSolutionNode = FALSE
	EndGlobalSection
	GlobalSection(NestedProjects) = preSolution
		{4F4AC0E2-49EA-42D7-9482-3BA2F797927F} = {9B7CB777-4B8B-4822-86B9-DB48E0B74A88}
		{9864DCAB-9B7F-4FB6-B9B5-6E01AB388806} = {9B7CB777-4B8B-4822-86B9-DB48E0B74A88}
	EndGlobalSection
	GlobalSection(ExtensibilityGlobals) = postSolution
		SolutionGuid = {204FB695-C545-4B43-990D-362AECE1C01D}
	EndGlobalSection
EndGlobal
